
Microsoft Visual Studio Solution File, Format Version 12.00
# Visual Studio Version 17
VisualStudioVersion = 17.4.33110.190
MinimumVisualStudioVersion = 10.0.40219.1
Project("{8BC9CEB8-8B4A-11D0-8D11-00A0C91BC942}") = "5-1", "5-1.vcxproj", "{DD13D207-8CF8-4F78-9398-3BCDC1688B16}"
EndProject
Global
	GlobalSection(SolutionConfigurationPlatforms) = preSolution
		Debug|x64 = Debug|x64
		Debug|x86 = Debug|x86
		Release|x64 = Release|x64
		Release|x86 = Release|x86
	EndGlobalSection
	GlobalSection(ProjectConfigurationPlatforms) = postSolution
		{DD13D207-8CF8-4F78-9398-3BCDC1688B16}.Debug|x64.ActiveCfg = Debug|x64
		{DD13D207-8CF8-4F78-9398-3BCDC1688B16}.Debug|x64.Build.0 = Debug|x64
		{DD13D207-8CF8-4F78-9398-3BCDC1688B16}.Debug|x86.ActiveCfg = Debug|Win32
		{DD13D207-8CF8-4F78-9398-3BCDC1688B16}.Debug|x86.Build.0 = Debug|Win32
		{DD13D207-8CF8-4F78-9398-3BCDC1688B16}.Release|x64.ActiveCfg = Release|x64
		{DD13D207-8CF8-4F78-9398-3BCDC1688B16}.Release|x64.Build.0 = Release|x64
		{DD13D207-8CF8-4F78-9398-3BCDC1688B16}.Release|x86.ActiveCfg = Release|Win32
		{DD13D207-8CF8-4F78-9398-3BCDC1688B16}.Release|x86.Build.0 = Release|Win32
	EndGlobalSection
	GlobalSection(SolutionProperties) = preSolution
		HideSolutionNode = FALSE
	EndGlobalSection
	GlobalSection(ExtensibilityGlobals) = postSolution
		SolutionGuid = {D779C0D0-6359-466A-9FC2-C69604B1C346}
	EndGlobalSection
EndGlobal
