
Microsoft Visual Studio Solution File, Format Version 12.00
# Visual Studio Version 17
VisualStudioVersion = 17.4.33110.190
MinimumVisualStudioVersion = 10.0.40219.1
Project("{8BC9CEB8-8B4A-11D0-8D11-00A0C91BC942}") = "14-5", "14-5.vcxproj", "{2723DC37-3EC1-49E4-AE8A-CB7428AC5F81}"
EndProject
Global
	GlobalSection(SolutionConfigurationPlatforms) = preSolution
		Debug|x64 = Debug|x64
		Debug|x86 = Debug|x86
		Release|x64 = Release|x64
		Release|x86 = Release|x86
	EndGlobalSection
	GlobalSection(ProjectConfigurationPlatforms) = postSolution
		{2723DC37-3EC1-49E4-AE8A-CB7428AC5F81}.Debug|x64.ActiveCfg = Debug|x64
		{2723DC37-3EC1-49E4-AE8A-CB7428AC5F81}.Debug|x64.Build.0 = Debug|x64
		{2723DC37-3EC1-49E4-AE8A-CB7428AC5F81}.Debug|x86.ActiveCfg = Debug|Win32
		{2723DC37-3EC1-49E4-AE8A-CB7428AC5F81}.Debug|x86.Build.0 = Debug|Win32
		{2723DC37-3EC1-49E4-AE8A-CB7428AC5F81}.Release|x64.ActiveCfg = Release|x64
		{2723DC37-3EC1-49E4-AE8A-CB7428AC5F81}.Release|x64.Build.0 = Release|x64
		{2723DC37-3EC1-49E4-AE8A-CB7428AC5F81}.Release|x86.ActiveCfg = Release|Win32
		{2723DC37-3EC1-49E4-AE8A-CB7428AC5F81}.Release|x86.Build.0 = Release|Win32
	EndGlobalSection
	GlobalSection(SolutionProperties) = preSolution
		HideSolutionNode = FALSE
	EndGlobalSection
	GlobalSection(ExtensibilityGlobals) = postSolution
		SolutionGuid = {7B513CD0-8C29-49F3-8157-BD47E04C57E3}
	EndGlobalSection
EndGlobal
