
Microsoft Visual Studio Solution File, Format Version 12.00
# Visual Studio Version 17
VisualStudioVersion = 17.4.33110.190
MinimumVisualStudioVersion = 10.0.40219.1
Project("{8BC9CEB8-8B4A-11D0-8D11-00A0C91BC942}") = "9-1-3", "9-1-3.vcxproj", "{270BF866-142E-4C49-A6BC-A7CBD57456CC}"
EndProject
Global
	GlobalSection(SolutionConfigurationPlatforms) = preSolution
		Debug|x64 = Debug|x64
		Debug|x86 = Debug|x86
		Release|x64 = Release|x64
		Release|x86 = Release|x86
	EndGlobalSection
	GlobalSection(ProjectConfigurationPlatforms) = postSolution
		{270BF866-142E-4C49-A6BC-A7CBD57456CC}.Debug|x64.ActiveCfg = Debug|x64
		{270BF866-142E-4C49-A6BC-A7CBD57456CC}.Debug|x64.Build.0 = Debug|x64
		{270BF866-142E-4C49-A6BC-A7CBD57456CC}.Debug|x86.ActiveCfg = Debug|Win32
		{270BF866-142E-4C49-A6BC-A7CBD57456CC}.Debug|x86.Build.0 = Debug|Win32
		{270BF866-142E-4C49-A6BC-A7CBD57456CC}.Release|x64.ActiveCfg = Release|x64
		{270BF866-142E-4C49-A6BC-A7CBD57456CC}.Release|x64.Build.0 = Release|x64
		{270BF866-142E-4C49-A6BC-A7CBD57456CC}.Release|x86.ActiveCfg = Release|Win32
		{270BF866-142E-4C49-A6BC-A7CBD57456CC}.Release|x86.Build.0 = Release|Win32
	EndGlobalSection
	GlobalSection(SolutionProperties) = preSolution
		HideSolutionNode = FALSE
	EndGlobalSection
	GlobalSection(ExtensibilityGlobals) = postSolution
		SolutionGuid = {2E00F606-4A29-4293-819E-7AE987ACA374}
	EndGlobalSection
EndGlobal
