
Microsoft Visual Studio Solution File, Format Version 12.00
# Visual Studio Version 17
VisualStudioVersion = 17.4.33110.190
MinimumVisualStudioVersion = 10.0.40219.1
Project("{8BC9CEB8-8B4A-11D0-8D11-00A0C91BC942}") = "Ex4-1-1", "Ex4-1-1.vcxproj", "{6B17383C-74DA-44F7-BFE9-74F295FDBEBC}"
EndProject
Global
	GlobalSection(SolutionConfigurationPlatforms) = preSolution
		Debug|x64 = Debug|x64
		Debug|x86 = Debug|x86
		Release|x64 = Release|x64
		Release|x86 = Release|x86
	EndGlobalSection
	GlobalSection(ProjectConfigurationPlatforms) = postSolution
		{6B17383C-74DA-44F7-BFE9-74F295FDBEBC}.Debug|x64.ActiveCfg = Debug|x64
		{6B17383C-74DA-44F7-BFE9-74F295FDBEBC}.Debug|x64.Build.0 = Debug|x64
		{6B17383C-74DA-44F7-BFE9-74F295FDBEBC}.Debug|x86.ActiveCfg = Debug|Win32
		{6B17383C-74DA-44F7-BFE9-74F295FDBEBC}.Debug|x86.Build.0 = Debug|Win32
		{6B17383C-74DA-44F7-BFE9-74F295FDBEBC}.Release|x64.ActiveCfg = Release|x64
		{6B17383C-74DA-44F7-BFE9-74F295FDBEBC}.Release|x64.Build.0 = Release|x64
		{6B17383C-74DA-44F7-BFE9-74F295FDBEBC}.Release|x86.ActiveCfg = Release|Win32
		{6B17383C-74DA-44F7-BFE9-74F295FDBEBC}.Release|x86.Build.0 = Release|Win32
	EndGlobalSection
	GlobalSection(SolutionProperties) = preSolution
		HideSolutionNode = FALSE
	EndGlobalSection
	GlobalSection(ExtensibilityGlobals) = postSolution
		SolutionGuid = {D281AD20-139D-4499-B39D-D6F6BFF821D5}
	EndGlobalSection
EndGlobal
