
Microsoft Visual Studio Solution File, Format Version 12.00
# Visual Studio Version 17
VisualStudioVersion = 17.4.33110.190
MinimumVisualStudioVersion = 10.0.40219.1
Project("{8BC9CEB8-8B4A-11D0-8D11-00A0C91BC942}") = "15-2-2", "15-2-2.vcxproj", "{01A722A4-5D7D-47E4-AE28-62C4ED6EA1DB}"
EndProject
Global
	GlobalSection(SolutionConfigurationPlatforms) = preSolution
		Debug|x64 = Debug|x64
		Debug|x86 = Debug|x86
		Release|x64 = Release|x64
		Release|x86 = Release|x86
	EndGlobalSection
	GlobalSection(ProjectConfigurationPlatforms) = postSolution
		{01A722A4-5D7D-47E4-AE28-62C4ED6EA1DB}.Debug|x64.ActiveCfg = Debug|x64
		{01A722A4-5D7D-47E4-AE28-62C4ED6EA1DB}.Debug|x64.Build.0 = Debug|x64
		{01A722A4-5D7D-47E4-AE28-62C4ED6EA1DB}.Debug|x86.ActiveCfg = Debug|Win32
		{01A722A4-5D7D-47E4-AE28-62C4ED6EA1DB}.Debug|x86.Build.0 = Debug|Win32
		{01A722A4-5D7D-47E4-AE28-62C4ED6EA1DB}.Release|x64.ActiveCfg = Release|x64
		{01A722A4-5D7D-47E4-AE28-62C4ED6EA1DB}.Release|x64.Build.0 = Release|x64
		{01A722A4-5D7D-47E4-AE28-62C4ED6EA1DB}.Release|x86.ActiveCfg = Release|Win32
		{01A722A4-5D7D-47E4-AE28-62C4ED6EA1DB}.Release|x86.Build.0 = Release|Win32
	EndGlobalSection
	GlobalSection(SolutionProperties) = preSolution
		HideSolutionNode = FALSE
	EndGlobalSection
	GlobalSection(ExtensibilityGlobals) = postSolution
		SolutionGuid = {49A4ADBC-D58F-4231-AFAA-711321AC8B60}
	EndGlobalSection
EndGlobal
