
Microsoft Visual Studio Solution File, Format Version 12.00
# Visual Studio Version 17
VisualStudioVersion = 17.4.33110.190
MinimumVisualStudioVersion = 10.0.40219.1
Project("{8BC9CEB8-8B4A-11D0-8D11-00A0C91BC942}") = "9-2", "9-2.vcxproj", "{E3EC4102-18DC-49D1-AC32-73F425FD51DA}"
EndProject
Global
	GlobalSection(SolutionConfigurationPlatforms) = preSolution
		Debug|x64 = Debug|x64
		Debug|x86 = Debug|x86
		Release|x64 = Release|x64
		Release|x86 = Release|x86
	EndGlobalSection
	GlobalSection(ProjectConfigurationPlatforms) = postSolution
		{E3EC4102-18DC-49D1-AC32-73F425FD51DA}.Debug|x64.ActiveCfg = Debug|x64
		{E3EC4102-18DC-49D1-AC32-73F425FD51DA}.Debug|x64.Build.0 = Debug|x64
		{E3EC4102-18DC-49D1-AC32-73F425FD51DA}.Debug|x86.ActiveCfg = Debug|Win32
		{E3EC4102-18DC-49D1-AC32-73F425FD51DA}.Debug|x86.Build.0 = Debug|Win32
		{E3EC4102-18DC-49D1-AC32-73F425FD51DA}.Release|x64.ActiveCfg = Release|x64
		{E3EC4102-18DC-49D1-AC32-73F425FD51DA}.Release|x64.Build.0 = Release|x64
		{E3EC4102-18DC-49D1-AC32-73F425FD51DA}.Release|x86.ActiveCfg = Release|Win32
		{E3EC4102-18DC-49D1-AC32-73F425FD51DA}.Release|x86.Build.0 = Release|Win32
	EndGlobalSection
	GlobalSection(SolutionProperties) = preSolution
		HideSolutionNode = FALSE
	EndGlobalSection
	GlobalSection(ExtensibilityGlobals) = postSolution
		SolutionGuid = {E34E3ACA-29A6-401B-AA49-C1610C9567F5}
	EndGlobalSection
EndGlobal
