
Microsoft Visual Studio Solution File, Format Version 12.00
# Visual Studio Version 17
VisualStudioVersion = 17.4.33110.190
MinimumVisualStudioVersion = 10.0.40219.1
Project("{8BC9CEB8-8B4A-11D0-8D11-00A0C91BC942}") = "18-1", "18-1.vcxproj", "{FB04F512-6340-44ED-A603-C9E36FCD4A27}"
EndProject
Global
	GlobalSection(SolutionConfigurationPlatforms) = preSolution
		Debug|x64 = Debug|x64
		Debug|x86 = Debug|x86
		Release|x64 = Release|x64
		Release|x86 = Release|x86
	EndGlobalSection
	GlobalSection(ProjectConfigurationPlatforms) = postSolution
		{FB04F512-6340-44ED-A603-C9E36FCD4A27}.Debug|x64.ActiveCfg = Debug|x64
		{FB04F512-6340-44ED-A603-C9E36FCD4A27}.Debug|x64.Build.0 = Debug|x64
		{FB04F512-6340-44ED-A603-C9E36FCD4A27}.Debug|x86.ActiveCfg = Debug|Win32
		{FB04F512-6340-44ED-A603-C9E36FCD4A27}.Debug|x86.Build.0 = Debug|Win32
		{FB04F512-6340-44ED-A603-C9E36FCD4A27}.Release|x64.ActiveCfg = Release|x64
		{FB04F512-6340-44ED-A603-C9E36FCD4A27}.Release|x64.Build.0 = Release|x64
		{FB04F512-6340-44ED-A603-C9E36FCD4A27}.Release|x86.ActiveCfg = Release|Win32
		{FB04F512-6340-44ED-A603-C9E36FCD4A27}.Release|x86.Build.0 = Release|Win32
	EndGlobalSection
	GlobalSection(SolutionProperties) = preSolution
		HideSolutionNode = FALSE
	EndGlobalSection
	GlobalSection(ExtensibilityGlobals) = postSolution
		SolutionGuid = {5950F654-3504-4F6E-B40D-A01CCC202EE0}
	EndGlobalSection
EndGlobal
