
Microsoft Visual Studio Solution File, Format Version 12.00
# Visual Studio Version 17
VisualStudioVersion = 17.4.33110.190
MinimumVisualStudioVersion = 10.0.40219.1
Project("{8BC9CEB8-8B4A-11D0-8D11-00A0C91BC942}") = "4-2", "4-2.vcxproj", "{230BC0B1-6CC9-4140-9AA4-328E6920FE8B}"
EndProject
Global
	GlobalSection(SolutionConfigurationPlatforms) = preSolution
		Debug|x64 = Debug|x64
		Debug|x86 = Debug|x86
		Release|x64 = Release|x64
		Release|x86 = Release|x86
	EndGlobalSection
	GlobalSection(ProjectConfigurationPlatforms) = postSolution
		{230BC0B1-6CC9-4140-9AA4-328E6920FE8B}.Debug|x64.ActiveCfg = Debug|x64
		{230BC0B1-6CC9-4140-9AA4-328E6920FE8B}.Debug|x64.Build.0 = Debug|x64
		{230BC0B1-6CC9-4140-9AA4-328E6920FE8B}.Debug|x86.ActiveCfg = Debug|Win32
		{230BC0B1-6CC9-4140-9AA4-328E6920FE8B}.Debug|x86.Build.0 = Debug|Win32
		{230BC0B1-6CC9-4140-9AA4-328E6920FE8B}.Release|x64.ActiveCfg = Release|x64
		{230BC0B1-6CC9-4140-9AA4-328E6920FE8B}.Release|x64.Build.0 = Release|x64
		{230BC0B1-6CC9-4140-9AA4-328E6920FE8B}.Release|x86.ActiveCfg = Release|Win32
		{230BC0B1-6CC9-4140-9AA4-328E6920FE8B}.Release|x86.Build.0 = Release|Win32
	EndGlobalSection
	GlobalSection(SolutionProperties) = preSolution
		HideSolutionNode = FALSE
	EndGlobalSection
	GlobalSection(ExtensibilityGlobals) = postSolution
		SolutionGuid = {84874101-C448-4FBA-A2E0-BBA8FB3B6E25}
	EndGlobalSection
EndGlobal
